
Microsoft Visual Studio Solution File, Format Version 12.00
# Visual Studio Version 16
VisualStudioVersion = 16.0.30011.22
MinimumVisualStudioVersion = 10.0.40219.1
Project("{FAE04EC0-301F-11D3-BF4B-00C04F79EFBC}") = "ReportingService.AzureFunction", "ReportingService\ReportingService.AzureFunction\ReportingService.AzureFunction.csproj", "{E805F8CA-EE3A-450A-8087-56E4148C0A8D}"
EndProject
Project("{FAE04EC0-301F-11D3-BF4B-00C04F79EFBC}") = "ReportingService.Core", "ReportingService\ReportingService.Core\ReportingService.Core.csproj", "{18701303-5A7A-432D-A034-C19B43B0D314}"
EndProject
Project("{FAE04EC0-301F-11D3-BF4B-00C04F79EFBC}") = "ReportingService.Handlers", "ReportingService\ReportingService.Handlers\ReportingService.Handlers.csproj", "{0C78A324-071B-40DA-BDBA-B09EBAD667A8}"
EndProject
Project("{FAE04EC0-301F-11D3-BF4B-00C04F79EFBC}") = "ReportingService.Mappers", "ReportingService\ReportingService.Mappers\ReportingService.Mappers.csproj", "{F6377A52-65DF-4366-8FD4-1904E69B28D5}"
EndProject
Project("{FAE04EC0-301F-11D3-BF4B-00C04F79EFBC}") = "ReportingService.Repo", "ReportingService\ReportingService.Repo\ReportingService.Repo.csproj", "{4BA9ABC1-7B96-4576-990A-EDF7CCDC51F1}"
EndProject
Global
	GlobalSection(SolutionConfigurationPlatforms) = preSolution
		Debug|Any CPU = Debug|Any CPU
		Release|Any CPU = Release|Any CPU
	EndGlobalSection
	GlobalSection(ProjectConfigurationPlatforms) = postSolution
		{E805F8CA-EE3A-450A-8087-56E4148C0A8D}.Debug|Any CPU.ActiveCfg = Debug|Any CPU
		{E805F8CA-EE3A-450A-8087-56E4148C0A8D}.Debug|Any CPU.Build.0 = Debug|Any CPU
		{E805F8CA-EE3A-450A-8087-56E4148C0A8D}.Release|Any CPU.ActiveCfg = Release|Any CPU
		{E805F8CA-EE3A-450A-8087-56E4148C0A8D}.Release|Any CPU.Build.0 = Release|Any CPU
		{18701303-5A7A-432D-A034-C19B43B0D314}.Debug|Any CPU.ActiveCfg = Debug|Any CPU
		{18701303-5A7A-432D-A034-C19B43B0D314}.Debug|Any CPU.Build.0 = Debug|Any CPU
		{18701303-5A7A-432D-A034-C19B43B0D314}.Release|Any CPU.ActiveCfg = Release|Any CPU
		{18701303-5A7A-432D-A034-C19B43B0D314}.Release|Any CPU.Build.0 = Release|Any CPU
		{0C78A324-071B-40DA-BDBA-B09EBAD667A8}.Debug|Any CPU.ActiveCfg = Debug|Any CPU
		{0C78A324-071B-40DA-BDBA-B09EBAD667A8}.Debug|Any CPU.Build.0 = Debug|Any CPU
		{0C78A324-071B-40DA-BDBA-B09EBAD667A8}.Release|Any CPU.ActiveCfg = Release|Any CPU
		{0C78A324-071B-40DA-BDBA-B09EBAD667A8}.Release|Any CPU.Build.0 = Release|Any CPU
		{F6377A52-65DF-4366-8FD4-1904E69B28D5}.Debug|Any CPU.ActiveCfg = Debug|Any CPU
		{F6377A52-65DF-4366-8FD4-1904E69B28D5}.Debug|Any CPU.Build.0 = Debug|Any CPU
		{F6377A52-65DF-4366-8FD4-1904E69B28D5}.Release|Any CPU.ActiveCfg = Release|Any CPU
		{F6377A52-65DF-4366-8FD4-1904E69B28D5}.Release|Any CPU.Build.0 = Release|Any CPU
		{4BA9ABC1-7B96-4576-990A-EDF7CCDC51F1}.Debug|Any CPU.ActiveCfg = Debug|Any CPU
		{4BA9ABC1-7B96-4576-990A-EDF7CCDC51F1}.Debug|Any CPU.Build.0 = Debug|Any CPU
		{4BA9ABC1-7B96-4576-990A-EDF7CCDC51F1}.Release|Any CPU.ActiveCfg = Release|Any CPU
		{4BA9ABC1-7B96-4576-990A-EDF7CCDC51F1}.Release|Any CPU.Build.0 = Release|Any CPU
	EndGlobalSection
	GlobalSection(SolutionProperties) = preSolution
		HideSolutionNode = FALSE
	EndGlobalSection
	GlobalSection(ExtensibilityGlobals) = postSolution
		SolutionGuid = {AFD02259-25E4-4EC6-85F3-EE95DD65D883}
	EndGlobalSection
EndGlobal
