
Microsoft Visual Studio Solution File, Format Version 12.00
# Visual Studio Version 16
VisualStudioVersion = 16.0.30011.22
MinimumVisualStudioVersion = 10.0.40219.1
Project("{9A19103F-16F7-4668-BE54-9A1E7A4F7556}") = "ReportingService.AzureFunction", "ReportingService\ReportingService.AzureFunction\ReportingService.AzureFunction.csproj", "{E805F8CA-EE3A-450A-8087-56E4148C0A8D}"
EndProject
Global
	GlobalSection(SolutionConfigurationPlatforms) = preSolution
		Debug|Any CPU = Debug|Any CPU
		Release|Any CPU = Release|Any CPU
	EndGlobalSection
	GlobalSection(ProjectConfigurationPlatforms) = postSolution
		{E805F8CA-EE3A-450A-8087-56E4148C0A8D}.Debug|Any CPU.ActiveCfg = Debug|Any CPU
		{E805F8CA-EE3A-450A-8087-56E4148C0A8D}.Debug|Any CPU.Build.0 = Debug|Any CPU
		{E805F8CA-EE3A-450A-8087-56E4148C0A8D}.Release|Any CPU.ActiveCfg = Release|Any CPU
		{E805F8CA-EE3A-450A-8087-56E4148C0A8D}.Release|Any CPU.Build.0 = Release|Any CPU
	EndGlobalSection
	GlobalSection(SolutionProperties) = preSolution
		HideSolutionNode = FALSE
	EndGlobalSection
	GlobalSection(ExtensibilityGlobals) = postSolution
		SolutionGuid = {AFD02259-25E4-4EC6-85F3-EE95DD65D883}
	EndGlobalSection
EndGlobal
